// !$*UTF8*$!
{
	archiveVersion = 1;
	classes = {
	};
	objectVersion = 56;
	objects = {

/* Begin PBXBuildFile section */
		BC2DA6132932776F0061F7E0 /* ICS_Parser_Example_ProjectApp.swift in Sources */ = {isa = PBXBuildFile; fileRef = BC2DA6122932776F0061F7E0 /* ICS_Parser_Example_ProjectApp.swift */; };
		BC2DA6152932776F0061F7E0 /* ContentView.swift in Sources */ = {isa = PBXBuildFile; fileRef = BC2DA6142932776F0061F7E0 /* ContentView.swift */; };
		BC2DA617293277700061F7E0 /* Assets.xcassets in Resources */ = {isa = PBXBuildFile; fileRef = BC2DA616293277700061F7E0 /* Assets.xcassets */; };
		BC2DA61B293277700061F7E0 /* Preview Assets.xcassets in Resources */ = {isa = PBXBuildFile; fileRef = BC2DA61A293277700061F7E0 /* Preview Assets.xcassets */; };
		BC2DA62B293277950061F7E0 /* Date.swift in Sources */ = {isa = PBXBuildFile; fileRef = BC2DA6212932778F0061F7E0 /* Date.swift */; };
		BC2DA62C293277950061F7E0 /* Calendar.swift in Sources */ = {isa = PBXBuildFile; fileRef = BC2DA6222932778F0061F7E0 /* Calendar.swift */; };
		BC2DA62D293277950061F7E0 /* Event.swift in Sources */ = {isa = PBXBuildFile; fileRef = BC2DA623293277900061F7E0 /* Event.swift */; };
		BC2DA62E293277950061F7E0 /* IcsElement.swift in Sources */ = {isa = PBXBuildFile; fileRef = BC2DA624293277910061F7E0 /* IcsElement.swift */; };
		BC2DA62F293277950061F7E0 /* Alarm.swift in Sources */ = {isa = PBXBuildFile; fileRef = BC2DA625293277910061F7E0 /* Alarm.swift */; };
		BC2DA630293277950061F7E0 /* CalendarComponent.swift in Sources */ = {isa = PBXBuildFile; fileRef = BC2DA626293277920061F7E0 /* CalendarComponent.swift */; };
		BC2DA631293277950061F7E0 /* String.swift in Sources */ = {isa = PBXBuildFile; fileRef = BC2DA627293277930061F7E0 /* String.swift */; };
		BC2DA632293277950061F7E0 /* Parser.swift in Sources */ = {isa = PBXBuildFile; fileRef = BC2DA628293277940061F7E0 /* Parser.swift */; };
		BC2DA633293277950061F7E0 /* iCal.swift in Sources */ = {isa = PBXBuildFile; fileRef = BC2DA629293277940061F7E0 /* iCal.swift */; };
		BC2DA634293277950061F7E0 /* iCalError.swift in Sources */ = {isa = PBXBuildFile; fileRef = BC2DA62A293277950061F7E0 /* iCalError.swift */; };
		BC2DA637293278DF0061F7E0 /* SchoolAssignment.swift in Sources */ = {isa = PBXBuildFile; fileRef = BC2DA636293278DF0061F7E0 /* SchoolAssignment.swift */; };
		BC2DA639293286E50061F7E0 /* DetailView.swift in Sources */ = {isa = PBXBuildFile; fileRef = BC2DA638293286E50061F7E0 /* DetailView.swift */; };
/* End PBXBuildFile section */

/* Begin PBXFileReference section */
		BC2DA60F2932776F0061F7E0 /* ICS Parser Example Project.app */ = {isa = PBXFileReference; explicitFileType = wrapper.application; includeInIndex = 0; path = "ICS Parser Example Project.app"; sourceTree = BUILT_PRODUCTS_DIR; };
		BC2DA6122932776F0061F7E0 /* ICS_Parser_Example_ProjectApp.swift */ = {isa = PBXFileReference; lastKnownFileType = sourcecode.swift; path = ICS_Parser_Example_ProjectApp.swift; sourceTree = "<group>"; };
		BC2DA6142932776F0061F7E0 /* ContentView.swift */ = {isa = PBXFileReference; lastKnownFileType = sourcecode.swift; path = ContentView.swift; sourceTree = "<group>"; };
		BC2DA616293277700061F7E0 /* Assets.xcassets */ = {isa = PBXFileReference; lastKnownFileType = folder.assetcatalog; path = Assets.xcassets; sourceTree = "<group>"; };
		BC2DA618293277700061F7E0 /* ICS_Parser_Example_Project.entitlements */ = {isa = PBXFileReference; lastKnownFileType = text.plist.entitlements; path = ICS_Parser_Example_Project.entitlements; sourceTree = "<group>"; };
		BC2DA61A293277700061F7E0 /* Preview Assets.xcassets */ = {isa = PBXFileReference; lastKnownFileType = folder.assetcatalog; path = "Preview Assets.xcassets"; sourceTree = "<group>"; };
		BC2DA6212932778F0061F7E0 /* Date.swift */ = {isa = PBXFileReference; fileEncoding = 4; lastKnownFileType = sourcecode.swift; path = Date.swift; sourceTree = "<group>"; };
		BC2DA6222932778F0061F7E0 /* Calendar.swift */ = {isa = PBXFileReference; fileEncoding = 4; lastKnownFileType = sourcecode.swift; path = Calendar.swift; sourceTree = "<group>"; };
		BC2DA623293277900061F7E0 /* Event.swift */ = {isa = PBXFileReference; fileEncoding = 4; lastKnownFileType = sourcecode.swift; path = Event.swift; sourceTree = "<group>"; };
		BC2DA624293277910061F7E0 /* IcsElement.swift */ = {isa = PBXFileReference; fileEncoding = 4; lastKnownFileType = sourcecode.swift; path = IcsElement.swift; sourceTree = "<group>"; };
		BC2DA625293277910061F7E0 /* Alarm.swift */ = {isa = PBXFileReference; fileEncoding = 4; lastKnownFileType = sourcecode.swift; path = Alarm.swift; sourceTree = "<group>"; };
		BC2DA626293277920061F7E0 /* CalendarComponent.swift */ = {isa = PBXFileReference; fileEncoding = 4; lastKnownFileType = sourcecode.swift; path = CalendarComponent.swift; sourceTree = "<group>"; };
		BC2DA627293277930061F7E0 /* String.swift */ = {isa = PBXFileReference; fileEncoding = 4; lastKnownFileType = sourcecode.swift; path = String.swift; sourceTree = "<group>"; };
		BC2DA628293277940061F7E0 /* Parser.swift */ = {isa = PBXFileReference; fileEncoding = 4; lastKnownFileType = sourcecode.swift; path = Parser.swift; sourceTree = "<group>"; };
		BC2DA629293277940061F7E0 /* iCal.swift */ = {isa = PBXFileReference; fileEncoding = 4; lastKnownFileType = sourcecode.swift; path = iCal.swift; sourceTree = "<group>"; };
		BC2DA62A293277950061F7E0 /* iCalError.swift */ = {isa = PBXFileReference; fileEncoding = 4; lastKnownFileType = sourcecode.swift; path = iCalError.swift; sourceTree = "<group>"; };
		BC2DA636293278DF0061F7E0 /* SchoolAssignment.swift */ = {isa = PBXFileReference; lastKnownFileType = sourcecode.swift; path = SchoolAssignment.swift; sourceTree = "<group>"; };
		BC2DA638293286E50061F7E0 /* DetailView.swift */ = {isa = PBXFileReference; lastKnownFileType = sourcecode.swift; path = DetailView.swift; sourceTree = "<group>"; };
		BCC0D33D2D1E67C10072A6FB /* README.md */ = {isa = PBXFileReference; lastKnownFileType = net.daringfireball.markdown; path = README.md; sourceTree = "<group>"; };
/* End PBXFileReference section */

/* Begin PBXFrameworksBuildPhase section */
		BC2DA60C2932776F0061F7E0 /* Frameworks */ = {
			isa = PBXFrameworksBuildPhase;
			buildActionMask = 2147483647;
			files = (
			);
			runOnlyForDeploymentPostprocessing = 0;
		};
/* End PBXFrameworksBuildPhase section */

/* Begin PBXGroup section */
		BC2DA6062932776F0061F7E0 = {
			isa = PBXGroup;
			children = (
				BCC0D33D2D1E67C10072A6FB /* README.md */,
				BC2DA6112932776F0061F7E0 /* ICS Parser Example Project */,
				BC2DA6102932776F0061F7E0 /* Products */,
			);
			sourceTree = "<group>";
		};
		BC2DA6102932776F0061F7E0 /* Products */ = {
			isa = PBXGroup;
			children = (
				BC2DA60F2932776F0061F7E0 /* ICS Parser Example Project.app */,
			);
			name = Products;
			sourceTree = "<group>";
		};
		BC2DA6112932776F0061F7E0 /* ICS Parser Example Project */ = {
			isa = PBXGroup;
			children = (
				BC2DA635293277BF0061F7E0 /* ICS PARSER */,
				BC2DA6122932776F0061F7E0 /* ICS_Parser_Example_ProjectApp.swift */,
				BC2DA636293278DF0061F7E0 /* SchoolAssignment.swift */,
				BC2DA6142932776F0061F7E0 /* ContentView.swift */,
				BC2DA638293286E50061F7E0 /* DetailView.swift */,
				BC2DA616293277700061F7E0 /* Assets.xcassets */,
				BC2DA618293277700061F7E0 /* ICS_Parser_Example_Project.entitlements */,
				BC2DA619293277700061F7E0 /* Preview Content */,
			);
			path = "ICS Parser Example Project";
			sourceTree = "<group>";
		};
		BC2DA619293277700061F7E0 /* Preview Content */ = {
			isa = PBXGroup;
			children = (
				BC2DA61A293277700061F7E0 /* Preview Assets.xcassets */,
			);
			path = "Preview Content";
			sourceTree = "<group>";
		};
		BC2DA635293277BF0061F7E0 /* ICS PARSER */ = {
			isa = PBXGroup;
			children = (
				BC2DA626293277920061F7E0 /* CalendarComponent.swift */,
				BC2DA6212932778F0061F7E0 /* Date.swift */,
				BC2DA623293277900061F7E0 /* Event.swift */,
				BC2DA629293277940061F7E0 /* iCal.swift */,
				BC2DA62A293277950061F7E0 /* iCalError.swift */,
				BC2DA624293277910061F7E0 /* IcsElement.swift */,
				BC2DA628293277940061F7E0 /* Parser.swift */,
				BC2DA627293277930061F7E0 /* String.swift */,
				BC2DA625293277910061F7E0 /* Alarm.swift */,
				BC2DA6222932778F0061F7E0 /* Calendar.swift */,
			);
			name = "ICS PARSER";
			sourceTree = "<group>";
		};
/* End PBXGroup section */

/* Begin PBXNativeTarget section */
		BC2DA60E2932776F0061F7E0 /* ICS Parser Example Project */ = {
			isa = PBXNativeTarget;
			buildConfigurationList = BC2DA61E293277700061F7E0 /* Build configuration list for PBXNativeTarget "ICS Parser Example Project" */;
			buildPhases = (
				BC2DA60B2932776F0061F7E0 /* Sources */,
				BC2DA60C2932776F0061F7E0 /* Frameworks */,
				BC2DA60D2932776F0061F7E0 /* Resources */,
			);
			buildRules = (
			);
			dependencies = (
			);
			name = "ICS Parser Example Project";
			productName = "ICS Parser Example Project";
			productReference = BC2DA60F2932776F0061F7E0 /* ICS Parser Example Project.app */;
			productType = "com.apple.product-type.application";
		};
/* End PBXNativeTarget section */

/* Begin PBXProject section */
		BC2DA6072932776F0061F7E0 /* Project object */ = {
			isa = PBXProject;
			attributes = {
				BuildIndependentTargetsInParallel = 1;
				LastSwiftUpdateCheck = 1410;
				LastUpgradeCheck = 1410;
				TargetAttributes = {
					BC2DA60E2932776F0061F7E0 = {
						CreatedOnToolsVersion = 14.1;
					};
				};
			};
			buildConfigurationList = BC2DA60A2932776F0061F7E0 /* Build configuration list for PBXProject "ICS Parser Example Project" */;
			compatibilityVersion = "Xcode 14.0";
			developmentRegion = en;
			hasScannedForEncodings = 0;
			knownRegions = (
				en,
				Base,
			);
			mainGroup = BC2DA6062932776F0061F7E0;
			productRefGroup = BC2DA6102932776F0061F7E0 /* Products */;
			projectDirPath = "";
			projectRoot = "";
			targets = (
				BC2DA60E2932776F0061F7E0 /* ICS Parser Example Project */,
			);
		};
/* End PBXProject section */

/* Begin PBXResourcesBuildPhase section */
		BC2DA60D2932776F0061F7E0 /* Resources */ = {
			isa = PBXResourcesBuildPhase;
			buildActionMask = 2147483647;
			files = (
				BC2DA61B293277700061F7E0 /* Preview Assets.xcassets in Resources */,
				BC2DA617293277700061F7E0 /* Assets.xcassets in Resources */,
			);
			runOnlyForDeploymentPostprocessing = 0;
		};
/* End PBXResourcesBuildPhase section */

/* Begin PBXSourcesBuildPhase section */
		BC2DA60B2932776F0061F7E0 /* Sources */ = {
			isa = PBXSourcesBuildPhase;
			buildActionMask = 2147483647;
			files = (
				BC2DA6152932776F0061F7E0 /* ContentView.swift in Sources */,
				BC2DA637293278DF0061F7E0 /* SchoolAssignment.swift in Sources */,
				BC2DA62B293277950061F7E0 /* Date.swift in Sources */,
				BC2DA639293286E50061F7E0 /* DetailView.swift in Sources */,
				BC2DA633293277950061F7E0 /* iCal.swift in Sources */,
				BC2DA632293277950061F7E0 /* Parser.swift in Sources */,
				BC2DA62E293277950061F7E0 /* IcsElement.swift in Sources */,
				BC2DA634293277950061F7E0 /* iCalError.swift in Sources */,
				BC2DA631293277950061F7E0 /* String.swift in Sources */,
				BC2DA6132932776F0061F7E0 /* ICS_Parser_Example_ProjectApp.swift in Sources */,
				BC2DA62C293277950061F7E0 /* Calendar.swift in Sources */,
				BC2DA62F293277950061F7E0 /* Alarm.swift in Sources */,
				BC2DA62D293277950061F7E0 /* Event.swift in Sources */,
				BC2DA630293277950061F7E0 /* CalendarComponent.swift in Sources */,
			);
			runOnlyForDeploymentPostprocessing = 0;
		};
/* End PBXSourcesBuildPhase section */

/* Begin XCBuildConfiguration section */
		BC2DA61C293277700061F7E0 /* Debug */ = {
			isa = XCBuildConfiguration;
			buildSettings = {
				ALWAYS_SEARCH_USER_PATHS = NO;
				CLANG_ANALYZER_NONNULL = YES;
				CLANG_ANALYZER_NUMBER_OBJECT_CONVERSION = YES_AGGRESSIVE;
				CLANG_CXX_LANGUAGE_STANDARD = "gnu++20";
				CLANG_ENABLE_MODULES = YES;
				CLANG_ENABLE_OBJC_ARC = YES;
				CLANG_ENABLE_OBJC_WEAK = YES;
				CLANG_WARN_BLOCK_CAPTURE_AUTORELEASING = YES;
				CLANG_WARN_BOOL_CONVERSION = YES;
				CLANG_WARN_COMMA = YES;
				CLANG_WARN_CONSTANT_CONVERSION = YES;
				CLANG_WARN_DEPRECATED_OBJC_IMPLEMENTATIONS = YES;
				CLANG_WARN_DIRECT_OBJC_ISA_USAGE = YES_ERROR;
				CLANG_WARN_DOCUMENTATION_COMMENTS = YES;
				CLANG_WARN_EMPTY_BODY = YES;
				CLANG_WARN_ENUM_CONVERSION = YES;
				CLANG_WARN_INFINITE_RECURSION = YES;
				CLANG_WARN_INT_CONVERSION = YES;
				CLANG_WARN_NON_LITERAL_NULL_CONVERSION = YES;
				CLANG_WARN_OBJC_IMPLICIT_RETAIN_SELF = YES;
				CLANG_WARN_OBJC_LITERAL_CONVERSION = YES;
				CLANG_WARN_OBJC_ROOT_CLASS = YES_ERROR;
				CLANG_WARN_QUOTED_INCLUDE_IN_FRAMEWORK_HEADER = YES;
				CLANG_WARN_RANGE_LOOP_ANALYSIS = YES;
				CLANG_WARN_STRICT_PROTOTYPES = YES;
				CLANG_WARN_SUSPICIOUS_MOVE = YES;
				CLANG_WARN_UNGUARDED_AVAILABILITY = YES_AGGRESSIVE;
				CLANG_WARN_UNREACHABLE_CODE = YES;
				CLANG_WARN__DUPLICATE_METHOD_MATCH = YES;
				COPY_PHASE_STRIP = NO;
				DEBUG_INFORMATION_FORMAT = dwarf;
				ENABLE_STRICT_OBJC_MSGSEND = YES;
				ENABLE_TESTABILITY = YES;
				GCC_C_LANGUAGE_STANDARD = gnu11;
				GCC_DYNAMIC_NO_PIC = NO;
				GCC_NO_COMMON_BLOCKS = YES;
				GCC_OPTIMIZATION_LEVEL = 0;
				GCC_PREPROCESSOR_DEFINITIONS = (
					"DEBUG=1",
					"$(inherited)",
				);
				GCC_WARN_64_TO_32_BIT_CONVERSION = YES;
				GCC_WARN_ABOUT_RETURN_TYPE = YES_ERROR;
				GCC_WARN_UNDECLARED_SELECTOR = YES;
				GCC_WARN_UNINITIALIZED_AUTOS = YES_AGGRESSIVE;
				GCC_WARN_UNUSED_FUNCTION = YES;
				GCC_WARN_UNUSED_VARIABLE = YES;
				MTL_ENABLE_DEBUG_INFO = INCLUDE_SOURCE;
				MTL_FAST_MATH = YES;
				ONLY_ACTIVE_ARCH = YES;
				SWIFT_ACTIVE_COMPILATION_CONDITIONS = DEBUG;
				SWIFT_OPTIMIZATION_LEVEL = "-Onone";
			};
			name = Debug;
		};
		BC2DA61D293277700061F7E0 /* Release */ = {
			isa = XCBuildConfiguration;
			buildSettings = {
				ALWAYS_SEARCH_USER_PATHS = NO;
				CLANG_ANALYZER_NONNULL = YES;
				CLANG_ANALYZER_NUMBER_OBJECT_CONVERSION = YES_AGGRESSIVE;
				CLANG_CXX_LANGUAGE_STANDARD = "gnu++20";
				CLANG_ENABLE_MODULES = YES;
				CLANG_ENABLE_OBJC_ARC = YES;
				CLANG_ENABLE_OBJC_WEAK = YES;
				CLANG_WARN_BLOCK_CAPTURE_AUTORELEASING = YES;
				CLANG_WARN_BOOL_CONVERSION = YES;
				CLANG_WARN_COMMA = YES;
				CLANG_WARN_CONSTANT_CONVERSION = YES;
				CLANG_WARN_DEPRECATED_OBJC_IMPLEMENTATIONS = YES;
				CLANG_WARN_DIRECT_OBJC_ISA_USAGE = YES_ERROR;
				CLANG_WARN_DOCUMENTATION_COMMENTS = YES;
				CLANG_WARN_EMPTY_BODY = YES;
				CLANG_WARN_ENUM_CONVERSION = YES;
				CLANG_WARN_INFINITE_RECURSION = YES;
				CLANG_WARN_INT_CONVERSION = YES;
				CLANG_WARN_NON_LITERAL_NULL_CONVERSION = YES;
				CLANG_WARN_OBJC_IMPLICIT_RETAIN_SELF = YES;
				CLANG_WARN_OBJC_LITERAL_CONVERSION = YES;
				CLANG_WARN_OBJC_ROOT_CLASS = YES_ERROR;
				CLANG_WARN_QUOTED_INCLUDE_IN_FRAMEWORK_HEADER = YES;
				CLANG_WARN_RANGE_LOOP_ANALYSIS = YES;
				CLANG_WARN_STRICT_PROTOTYPES = YES;
				CLANG_WARN_SUSPICIOUS_MOVE = YES;
				CLANG_WARN_UNGUARDED_AVAILABILITY = YES_AGGRESSIVE;
				CLANG_WARN_UNREACHABLE_CODE = YES;
				CLANG_WARN__DUPLICATE_METHOD_MATCH = YES;
				COPY_PHASE_STRIP = NO;
				DEBUG_INFORMATION_FORMAT = "dwarf-with-dsym";
				ENABLE_NS_ASSERTIONS = NO;
				ENABLE_STRICT_OBJC_MSGSEND = YES;
				GCC_C_LANGUAGE_STANDARD = gnu11;
				GCC_NO_COMMON_BLOCKS = YES;
				GCC_WARN_64_TO_32_BIT_CONVERSION = YES;
				GCC_WARN_ABOUT_RETURN_TYPE = YES_ERROR;
				GCC_WARN_UNDECLARED_SELECTOR = YES;
				GCC_WARN_UNINITIALIZED_AUTOS = YES_AGGRESSIVE;
				GCC_WARN_UNUSED_FUNCTION = YES;
				GCC_WARN_UNUSED_VARIABLE = YES;
				MTL_ENABLE_DEBUG_INFO = NO;
				MTL_FAST_MATH = YES;
				SWIFT_COMPILATION_MODE = wholemodule;
				SWIFT_OPTIMIZATION_LEVEL = "-O";
			};
			name = Release;
		};
		BC2DA61F293277700061F7E0 /* Debug */ = {
			isa = XCBuildConfiguration;
			buildSettings = {
				ASSETCATALOG_COMPILER_APPICON_NAME = AppIcon;
				ASSETCATALOG_COMPILER_GLOBAL_ACCENT_COLOR_NAME = AccentColor;
				CODE_SIGN_ENTITLEMENTS = "ICS Parser Example Project/ICS_Parser_Example_Project.entitlements";
				CODE_SIGN_STYLE = Automatic;
				CURRENT_PROJECT_VERSION = 1;
				DEVELOPMENT_ASSET_PATHS = "\"ICS Parser Example Project/Preview Content\"";
				DEVELOPMENT_TEAM = K5ZKPZ2Y2S;
				ENABLE_HARDENED_RUNTIME = YES;
				ENABLE_PREVIEWS = YES;
				GENERATE_INFOPLIST_FILE = YES;
				"INFOPLIST_KEY_UIApplicationSceneManifest_Generation[sdk=iphoneos*]" = YES;
				"INFOPLIST_KEY_UIApplicationSceneManifest_Generation[sdk=iphonesimulator*]" = YES;
				"INFOPLIST_KEY_UIApplicationSupportsIndirectInputEvents[sdk=iphoneos*]" = YES;
				"INFOPLIST_KEY_UIApplicationSupportsIndirectInputEvents[sdk=iphonesimulator*]" = YES;
				"INFOPLIST_KEY_UILaunchScreen_Generation[sdk=iphoneos*]" = YES;
				"INFOPLIST_KEY_UILaunchScreen_Generation[sdk=iphonesimulator*]" = YES;
				"INFOPLIST_KEY_UIStatusBarStyle[sdk=iphoneos*]" = UIStatusBarStyleDefault;
				"INFOPLIST_KEY_UIStatusBarStyle[sdk=iphonesimulator*]" = UIStatusBarStyleDefault;
				INFOPLIST_KEY_UISupportedInterfaceOrientations_iPad = "UIInterfaceOrientationPortrait UIInterfaceOrientationPortraitUpsideDown UIInterfaceOrientationLandscapeLeft UIInterfaceOrientationLandscapeRight";
				INFOPLIST_KEY_UISupportedInterfaceOrientations_iPhone = "UIInterfaceOrientationPortrait UIInterfaceOrientationLandscapeLeft UIInterfaceOrientationLandscapeRight";
				IPHONEOS_DEPLOYMENT_TARGET = 16.1;
				LD_RUNPATH_SEARCH_PATHS = "@executable_path/Frameworks";
				"LD_RUNPATH_SEARCH_PATHS[sdk=macosx*]" = "@executable_path/../Frameworks";
				MACOSX_DEPLOYMENT_TARGET = 13.0;
				MARKETING_VERSION = 1.0;
				PRODUCT_BUNDLE_IDENTIFIER = "Carter.ICS-Parser-Example-Project";
				PRODUCT_NAME = "$(TARGET_NAME)";
				SDKROOT = auto;
				SUPPORTED_PLATFORMS = "iphoneos iphonesimulator macosx";
				SWIFT_EMIT_LOC_STRINGS = YES;
				SWIFT_VERSION = 5.0;
				TARGETED_DEVICE_FAMILY = "1,2";
			};
			name = Debug;
		};
		BC2DA620293277700061F7E0 /* Release */ = {
			isa = XCBuildConfiguration;
			buildSettings = {
				ASSETCATALOG_COMPILER_APPICON_NAME = AppIcon;
				ASSETCATALOG_COMPILER_GLOBAL_ACCENT_COLOR_NAME = AccentColor;
				CODE_SIGN_ENTITLEMENTS = "ICS Parser Example Project/ICS_Parser_Example_Project.entitlements";
				CODE_SIGN_STYLE = Automatic;
				CURRENT_PROJECT_VERSION = 1;
				DEVELOPMENT_ASSET_PATHS = "\"ICS Parser Example Project/Preview Content\"";
				DEVELOPMENT_TEAM = K5ZKPZ2Y2S;
				ENABLE_HARDENED_RUNTIME = YES;
				ENABLE_PREVIEWS = YES;
				GENERATE_INFOPLIST_FILE = YES;
				"INFOPLIST_KEY_UIApplicationSceneManifest_Generation[sdk=iphoneos*]" = YES;
				"INFOPLIST_KEY_UIApplicationSceneManifest_Generation[sdk=iphonesimulator*]" = YES;
				"INFOPLIST_KEY_UIApplicationSupportsIndirectInputEvents[sdk=iphoneos*]" = YES;
				"INFOPLIST_KEY_UIApplicationSupportsIndirectInputEvents[sdk=iphonesimulator*]" = YES;
				"INFOPLIST_KEY_UILaunchScreen_Generation[sdk=iphoneos*]" = YES;
				"INFOPLIST_KEY_UILaunchScreen_Generation[sdk=iphonesimulator*]" = YES;
				"INFOPLIST_KEY_UIStatusBarStyle[sdk=iphoneos*]" = UIStatusBarStyleDefault;
				"INFOPLIST_KEY_UIStatusBarStyle[sdk=iphonesimulator*]" = UIStatusBarStyleDefault;
				INFOPLIST_KEY_UISupportedInterfaceOrientations_iPad = "UIInterfaceOrientationPortrait UIInterfaceOrientationPortraitUpsideDown UIInterfaceOrientationLandscapeLeft UIInterfaceOrientationLandscapeRight";
				INFOPLIST_KEY_UISupportedInterfaceOrientations_iPhone = "UIInterfaceOrientationPortrait UIInterfaceOrientationLandscapeLeft UIInterfaceOrientationLandscapeRight";
				IPHONEOS_DEPLOYMENT_TARGET = 16.1;
				LD_RUNPATH_SEARCH_PATHS = "@executable_path/Frameworks";
				"LD_RUNPATH_SEARCH_PATHS[sdk=macosx*]" = "@executable_path/../Frameworks";
				MACOSX_DEPLOYMENT_TARGET = 13.0;
				MARKETING_VERSION = 1.0;
				PRODUCT_BUNDLE_IDENTIFIER = "Carter.ICS-Parser-Example-Project";
				PRODUCT_NAME = "$(TARGET_NAME)";
				SDKROOT = auto;
				SUPPORTED_PLATFORMS = "iphoneos iphonesimulator macosx";
				SWIFT_EMIT_LOC_STRINGS = YES;
				SWIFT_VERSION = 5.0;
				TARGETED_DEVICE_FAMILY = "1,2";
			};
			name = Release;
		};
/* End XCBuildConfiguration section */

/* Begin XCConfigurationList section */
		BC2DA60A2932776F0061F7E0 /* Build configuration list for PBXProject "ICS Parser Example Project" */ = {
			isa = XCConfigurationList;
			buildConfigurations = (
				BC2DA61C293277700061F7E0 /* Debug */,
				BC2DA61D293277700061F7E0 /* Release */,
			);
			defaultConfigurationIsVisible = 0;
			defaultConfigurationName = Release;
		};
		BC2DA61E293277700061F7E0 /* Build configuration list for PBXNativeTarget "ICS Parser Example Project" */ = {
			isa = XCConfigurationList;
			buildConfigurations = (
				BC2DA61F293277700061F7E0 /* Debug */,
				BC2DA620293277700061F7E0 /* Release */,
			);
			defaultConfigurationIsVisible = 0;
			defaultConfigurationName = Release;
		};
/* End XCConfigurationList section */
	};
	rootObject = BC2DA6072932776F0061F7E0 /* Project object */;
}
